{
  "requires": true,
  "lockfileVersion": 1,
  "dependencies": {
    "@chainlink/contracts": {
      "version": "0.3.0",
      "resolved": "https://registry.npmjs.org/@chainlink/contracts/-/contracts-0.3.0.tgz",
      "integrity": "sha512-Pxu5qMTa0gc28Sxf9hyBkvwhPMn3HD62cGXy54RkL9PcabOHlUsk1i3BoFf3rwFr7T30N/obYn4de3ZrG12PDA=="
    },
    "@openzeppelin/contracts": {
      "version": "4.4.0",
      "resolved": "https://registry.npmjs.org/@openzeppelin/contracts/-/contracts-4.4.0.tgz",
      "integrity": "sha512-dlKiZmDvJnGRLHojrDoFZJmsQVeltVeoiRN7RK+cf2FmkhASDEblE0RiaYdxPNsUZa6mRG8393b9bfyp+V5IAw=="
    }
  }
}
